// !$*UTF8*$!
{
	archiveVersion = 1;
	classes = {
	};
	objectVersion = 46;
	objects = {

/* Begin PBXBuildFile section */
		87369CC219FA4FCE00BB2C5E /* MainViewController.m in Sources */ = {isa = PBXBuildFile; fileRef = 87369CC019FA4FCE00BB2C5E /* MainViewController.m */; };
		87369CC319FA4FCE00BB2C5E /* MainViewController.xib in Resources */ = {isa = PBXBuildFile; fileRef = 87369CC119FA4FCE00BB2C5E /* MainViewController.xib */; };
		87369CCB19FA6CCF00BB2C5E /* ResultCell.m in Sources */ = {isa = PBXBuildFile; fileRef = 87369CC919FA6CCF00BB2C5E /* ResultCell.m */; };
		87369CCC19FA6CCF00BB2C5E /* ResultCell.xib in Resources */ = {isa = PBXBuildFile; fileRef = 87369CCA19FA6CCF00BB2C5E /* ResultCell.xib */; };
		87C605C919F69AF4008B6864 /* main.m in Sources */ = {isa = PBXBuildFile; fileRef = 87C605C819F69AF4008B6864 /* main.m */; };
		87C605CC19F69AF4008B6864 /* AppDelegate.m in Sources */ = {isa = PBXBuildFile; fileRef = 87C605CB19F69AF4008B6864 /* AppDelegate.m */; };
		87C605D219F69AF4008B6864 /* Main.storyboard in Resources */ = {isa = PBXBuildFile; fileRef = 87C605D019F69AF4008B6864 /* Main.storyboard */; };
		87C605D419F69AF4008B6864 /* Images.xcassets in Resources */ = {isa = PBXBuildFile; fileRef = 87C605D319F69AF4008B6864 /* Images.xcassets */; };
		87C605D719F69AF4008B6864 /* LaunchScreen.xib in Resources */ = {isa = PBXBuildFile; fileRef = 87C605D519F69AF4008B6864 /* LaunchScreen.xib */; };
		87C605E319F69AF4008B6864 /* yelpsterTests.m in Sources */ = {isa = PBXBuildFile; fileRef = 87C605E219F69AF4008B6864 /* yelpsterTests.m */; };
		87C605EE19F6E670008B6864 /* YelpClient.m in Sources */ = {isa = PBXBuildFile; fileRef = 87C605ED19F6E670008B6864 /* YelpClient.m */; };
		FA601E066CC8136BC48A54D9 /* libPods.a in Frameworks */ = {isa = PBXBuildFile; fileRef = 865A18D35D2D31C65293AEAF /* libPods.a */; };
/* End PBXBuildFile section */

/* Begin PBXContainerItemProxy section */
		87C605DD19F69AF4008B6864 /* PBXContainerItemProxy */ = {
			isa = PBXContainerItemProxy;
			containerPortal = 87C605BB19F69AF4008B6864 /* Project object */;
			proxyType = 1;
			remoteGlobalIDString = 87C605C219F69AF4008B6864;
			remoteInfo = yelpster;
		};
/* End PBXContainerItemProxy section */

/* Begin PBXFileReference section */
		4976F195C08F674EDD8917B7 /* Pods.debug.xcconfig */ = {isa = PBXFileReference; includeInIndex = 1; lastKnownFileType = text.xcconfig; name = Pods.debug.xcconfig; path = "Pods/Target Support Files/Pods/Pods.debug.xcconfig"; sourceTree = "<group>"; };
		865A18D35D2D31C65293AEAF /* libPods.a */ = {isa = PBXFileReference; explicitFileType = archive.ar; includeInIndex = 0; path = libPods.a; sourceTree = BUILT_PRODUCTS_DIR; };
		87369CBF19FA4FCE00BB2C5E /* MainViewController.h */ = {isa = PBXFileReference; fileEncoding = 4; lastKnownFileType = sourcecode.c.h; path = MainViewController.h; sourceTree = "<group>"; };
		87369CC019FA4FCE00BB2C5E /* MainViewController.m */ = {isa = PBXFileReference; fileEncoding = 4; lastKnownFileType = sourcecode.c.objc; path = MainViewController.m; sourceTree = "<group>"; };
		87369CC119FA4FCE00BB2C5E /* MainViewController.xib */ = {isa = PBXFileReference; fileEncoding = 4; lastKnownFileType = file.xib; path = MainViewController.xib; sourceTree = "<group>"; };
		87369CC819FA6CCF00BB2C5E /* ResultCell.h */ = {isa = PBXFileReference; fileEncoding = 4; lastKnownFileType = sourcecode.c.h; path = ResultCell.h; sourceTree = "<group>"; };
		87369CC919FA6CCF00BB2C5E /* ResultCell.m */ = {isa = PBXFileReference; fileEncoding = 4; lastKnownFileType = sourcecode.c.objc; path = ResultCell.m; sourceTree = "<group>"; };
		87369CCA19FA6CCF00BB2C5E /* ResultCell.xib */ = {isa = PBXFileReference; fileEncoding = 4; lastKnownFileType = file.xib; path = ResultCell.xib; sourceTree = "<group>"; };
		87C605C319F69AF4008B6864 /* yelpster.app */ = {isa = PBXFileReference; explicitFileType = wrapper.application; includeInIndex = 0; path = yelpster.app; sourceTree = BUILT_PRODUCTS_DIR; };
		87C605C719F69AF4008B6864 /* Info.plist */ = {isa = PBXFileReference; lastKnownFileType = text.plist.xml; path = Info.plist; sourceTree = "<group>"; };
		87C605C819F69AF4008B6864 /* main.m */ = {isa = PBXFileReference; lastKnownFileType = sourcecode.c.objc; path = main.m; sourceTree = "<group>"; };
		87C605CA19F69AF4008B6864 /* AppDelegate.h */ = {isa = PBXFileReference; lastKnownFileType = sourcecode.c.h; path = AppDelegate.h; sourceTree = "<group>"; };
		87C605CB19F69AF4008B6864 /* AppDelegate.m */ = {isa = PBXFileReference; lastKnownFileType = sourcecode.c.objc; path = AppDelegate.m; sourceTree = "<group>"; };
		87C605D119F69AF4008B6864 /* Base */ = {isa = PBXFileReference; lastKnownFileType = file.storyboard; name = Base; path = Base.lproj/Main.storyboard; sourceTree = "<group>"; };
		87C605D319F69AF4008B6864 /* Images.xcassets */ = {isa = PBXFileReference; lastKnownFileType = folder.assetcatalog; path = Images.xcassets; sourceTree = "<group>"; };
		87C605D619F69AF4008B6864 /* Base */ = {isa = PBXFileReference; lastKnownFileType = file.xib; name = Base; path = Base.lproj/LaunchScreen.xib; sourceTree = "<group>"; };
		87C605DC19F69AF4008B6864 /* yelpsterTests.xctest */ = {isa = PBXFileReference; explicitFileType = wrapper.cfbundle; includeInIndex = 0; path = yelpsterTests.xctest; sourceTree = BUILT_PRODUCTS_DIR; };
		87C605E119F69AF4008B6864 /* Info.plist */ = {isa = PBXFileReference; lastKnownFileType = text.plist.xml; path = Info.plist; sourceTree = "<group>"; };
		87C605E219F69AF4008B6864 /* yelpsterTests.m */ = {isa = PBXFileReference; lastKnownFileType = sourcecode.c.objc; path = yelpsterTests.m; sourceTree = "<group>"; };
		87C605ED19F6E670008B6864 /* YelpClient.m */ = {isa = PBXFileReference; fileEncoding = 4; lastKnownFileType = sourcecode.c.objc; path = YelpClient.m; sourceTree = "<group>"; };
		87C605EF19F6E68A008B6864 /* YelpClient.h */ = {isa = PBXFileReference; lastKnownFileType = sourcecode.c.h; path = YelpClient.h; sourceTree = "<group>"; };
		F517E04D8621A08090AD970E /* Pods.release.xcconfig */ = {isa = PBXFileReference; includeInIndex = 1; lastKnownFileType = text.xcconfig; name = Pods.release.xcconfig; path = "Pods/Target Support Files/Pods/Pods.release.xcconfig"; sourceTree = "<group>"; };
/* End PBXFileReference section */

/* Begin PBXFrameworksBuildPhase section */
		87C605C019F69AF4008B6864 /* Frameworks */ = {
			isa = PBXFrameworksBuildPhase;
			buildActionMask = 2147483647;
			files = (
				FA601E066CC8136BC48A54D9 /* libPods.a in Frameworks */,
			);
			runOnlyForDeploymentPostprocessing = 0;
		};
		87C605D919F69AF4008B6864 /* Frameworks */ = {
			isa = PBXFrameworksBuildPhase;
			buildActionMask = 2147483647;
			files = (
			);
			runOnlyForDeploymentPostprocessing = 0;
		};
/* End PBXFrameworksBuildPhase section */

/* Begin PBXGroup section */
		62202861011B51148B03E2CE /* Pods */ = {
			isa = PBXGroup;
			children = (
				4976F195C08F674EDD8917B7 /* Pods.debug.xcconfig */,
				F517E04D8621A08090AD970E /* Pods.release.xcconfig */,
			);
			name = Pods;
			sourceTree = "<group>";
		};
		6DA6A6DD18689991E031FF56 /* Frameworks */ = {
			isa = PBXGroup;
			children = (
				865A18D35D2D31C65293AEAF /* libPods.a */,
			);
			name = Frameworks;
			sourceTree = "<group>";
		};
		87369CB919F92E7200BB2C5E /* YelpClient */ = {
			isa = PBXGroup;
			children = (
				87C605ED19F6E670008B6864 /* YelpClient.m */,
				87C605EF19F6E68A008B6864 /* YelpClient.h */,
			);
			name = YelpClient;
			sourceTree = "<group>";
		};
		87C605BA19F69AF4008B6864 = {
			isa = PBXGroup;
			children = (
				87C605C519F69AF4008B6864 /* yelpster */,
				87C605DF19F69AF4008B6864 /* yelpsterTests */,
				87C605C419F69AF4008B6864 /* Products */,
				62202861011B51148B03E2CE /* Pods */,
				6DA6A6DD18689991E031FF56 /* Frameworks */,
			);
			sourceTree = "<group>";
		};
		87C605C419F69AF4008B6864 /* Products */ = {
			isa = PBXGroup;
			children = (
				87C605C319F69AF4008B6864 /* yelpster.app */,
				87C605DC19F69AF4008B6864 /* yelpsterTests.xctest */,
			);
			name = Products;
			sourceTree = "<group>";
		};
		87C605C519F69AF4008B6864 /* yelpster */ = {
			isa = PBXGroup;
			children = (
				87369CB919F92E7200BB2C5E /* YelpClient */,
				87C605CA19F69AF4008B6864 /* AppDelegate.h */,
				87C605CB19F69AF4008B6864 /* AppDelegate.m */,
				87369CBF19FA4FCE00BB2C5E /* MainViewController.h */,
				87369CC019FA4FCE00BB2C5E /* MainViewController.m */,
				87369CC119FA4FCE00BB2C5E /* MainViewController.xib */,
				87369CC819FA6CCF00BB2C5E /* ResultCell.h */,
				87369CC919FA6CCF00BB2C5E /* ResultCell.m */,
				87369CCA19FA6CCF00BB2C5E /* ResultCell.xib */,
				87C605D019F69AF4008B6864 /* Main.storyboard */,
				87C605D319F69AF4008B6864 /* Images.xcassets */,
				87C605D519F69AF4008B6864 /* LaunchScreen.xib */,
				87C605C619F69AF4008B6864 /* Supporting Files */,
			);
			path = yelpster;
			sourceTree = "<group>";
		};
		87C605C619F69AF4008B6864 /* Supporting Files */ = {
			isa = PBXGroup;
			children = (
				87C605C719F69AF4008B6864 /* Info.plist */,
				87C605C819F69AF4008B6864 /* main.m */,
			);
			name = "Supporting Files";
			sourceTree = "<group>";
		};
		87C605DF19F69AF4008B6864 /* yelpsterTests */ = {
			isa = PBXGroup;
			children = (
				87C605E219F69AF4008B6864 /* yelpsterTests.m */,
				87C605E019F69AF4008B6864 /* Supporting Files */,
			);
			path = yelpsterTests;
			sourceTree = "<group>";
		};
		87C605E019F69AF4008B6864 /* Supporting Files */ = {
			isa = PBXGroup;
			children = (
				87C605E119F69AF4008B6864 /* Info.plist */,
			);
			name = "Supporting Files";
			sourceTree = "<group>";
		};
/* End PBXGroup section */

/* Begin PBXNativeTarget section */
		87C605C219F69AF4008B6864 /* yelpster */ = {
			isa = PBXNativeTarget;
			buildConfigurationList = 87C605E619F69AF4008B6864 /* Build configuration list for PBXNativeTarget "yelpster" */;
			buildPhases = (
				D23A39AD6E3ABC64465A3F04 /* Check Pods Manifest.lock */,
				87C605BF19F69AF4008B6864 /* Sources */,
				87C605C019F69AF4008B6864 /* Frameworks */,
				87C605C119F69AF4008B6864 /* Resources */,
				AA9841D23C9A381C0C129D4F /* Copy Pods Resources */,
			);
			buildRules = (
			);
			dependencies = (
			);
			name = yelpster;
			productName = yelpster;
			productReference = 87C605C319F69AF4008B6864 /* yelpster.app */;
			productType = "com.apple.product-type.application";
		};
		87C605DB19F69AF4008B6864 /* yelpsterTests */ = {
			isa = PBXNativeTarget;
			buildConfigurationList = 87C605E919F69AF4008B6864 /* Build configuration list for PBXNativeTarget "yelpsterTests" */;
			buildPhases = (
				87C605D819F69AF4008B6864 /* Sources */,
				87C605D919F69AF4008B6864 /* Frameworks */,
				87C605DA19F69AF4008B6864 /* Resources */,
			);
			buildRules = (
			);
			dependencies = (
				87C605DE19F69AF4008B6864 /* PBXTargetDependency */,
			);
			name = yelpsterTests;
			productName = yelpsterTests;
			productReference = 87C605DC19F69AF4008B6864 /* yelpsterTests.xctest */;
			productType = "com.apple.product-type.bundle.unit-test";
		};
/* End PBXNativeTarget section */

/* Begin PBXProject section */
		87C605BB19F69AF4008B6864 /* Project object */ = {
			isa = PBXProject;
			attributes = {
				LastUpgradeCheck = 0600;
				ORGANIZATIONNAME = "Eugene Pan";
				TargetAttributes = {
					87C605C219F69AF4008B6864 = {
						CreatedOnToolsVersion = 6.0.1;
					};
					87C605DB19F69AF4008B6864 = {
						CreatedOnToolsVersion = 6.0.1;
						TestTargetID = 87C605C219F69AF4008B6864;
					};
				};
			};
			buildConfigurationList = 87C605BE19F69AF4008B6864 /* Build configuration list for PBXProject "yelpster" */;
			compatibilityVersion = "Xcode 3.2";
			developmentRegion = English;
			hasScannedForEncodings = 0;
			knownRegions = (
				en,
				Base,
			);
			mainGroup = 87C605BA19F69AF4008B6864;
			productRefGroup = 87C605C419F69AF4008B6864 /* Products */;
			projectDirPath = "";
			projectRoot = "";
			targets = (
				87C605C219F69AF4008B6864 /* yelpster */,
				87C605DB19F69AF4008B6864 /* yelpsterTests */,
			);
		};
/* End PBXProject section */

/* Begin PBXResourcesBuildPhase section */
		87C605C119F69AF4008B6864 /* Resources */ = {
			isa = PBXResourcesBuildPhase;
			buildActionMask = 2147483647;
			files = (
				87C605D219F69AF4008B6864 /* Main.storyboard in Resources */,
				87C605D719F69AF4008B6864 /* LaunchScreen.xib in Resources */,
				87369CC319FA4FCE00BB2C5E /* MainViewController.xib in Resources */,
				87C605D419F69AF4008B6864 /* Images.xcassets in Resources */,
				87369CCC19FA6CCF00BB2C5E /* ResultCell.xib in Resources */,
			);
			runOnlyForDeploymentPostprocessing = 0;
		};
		87C605DA19F69AF4008B6864 /* Resources */ = {
			isa = PBXResourcesBuildPhase;
			buildActionMask = 2147483647;
			files = (
			);
			runOnlyForDeploymentPostprocessing = 0;
		};
/* End PBXResourcesBuildPhase section */

/* Begin PBXShellScriptBuildPhase section */
		AA9841D23C9A381C0C129D4F /* Copy Pods Resources */ = {
			isa = PBXShellScriptBuildPhase;
			buildActionMask = 2147483647;
			files = (
			);
			inputPaths = (
			);
			name = "Copy Pods Resources";
			outputPaths = (
			);
			runOnlyForDeploymentPostprocessing = 0;
			shellPath = /bin/sh;
			shellScript = "\"${SRCROOT}/Pods/Target Support Files/Pods/Pods-resources.sh\"\n";
			showEnvVarsInLog = 0;
		};
		D23A39AD6E3ABC64465A3F04 /* Check Pods Manifest.lock */ = {
			isa = PBXShellScriptBuildPhase;
			buildActionMask = 2147483647;
			files = (
			);
			inputPaths = (
			);
			name = "Check Pods Manifest.lock";
			outputPaths = (
			);
			runOnlyForDeploymentPostprocessing = 0;
			shellPath = /bin/sh;
			shellScript = "diff \"${PODS_ROOT}/../Podfile.lock\" \"${PODS_ROOT}/Manifest.lock\" > /dev/null\nif [[ $? != 0 ]] ; then\n    cat << EOM\nerror: The sandbox is not in sync with the Podfile.lock. Run 'pod install' or update your CocoaPods installation.\nEOM\n    exit 1\nfi\n";
			showEnvVarsInLog = 0;
		};
/* End PBXShellScriptBuildPhase section */

/* Begin PBXSourcesBuildPhase section */
		87C605BF19F69AF4008B6864 /* Sources */ = {
			isa = PBXSourcesBuildPhase;
			buildActionMask = 2147483647;
			files = (
				87C605EE19F6E670008B6864 /* YelpClient.m in Sources */,
				87369CCB19FA6CCF00BB2C5E /* ResultCell.m in Sources */,
				87C605CC19F69AF4008B6864 /* AppDelegate.m in Sources */,
				87369CC219FA4FCE00BB2C5E /* MainViewController.m in Sources */,
				87C605C919F69AF4008B6864 /* main.m in Sources */,
			);
			runOnlyForDeploymentPostprocessing = 0;
		};
		87C605D819F69AF4008B6864 /* Sources */ = {
			isa = PBXSourcesBuildPhase;
			buildActionMask = 2147483647;
			files = (
				87C605E319F69AF4008B6864 /* yelpsterTests.m in Sources */,
			);
			runOnlyForDeploymentPostprocessing = 0;
		};
/* End PBXSourcesBuildPhase section */

/* Begin PBXTargetDependency section */
		87C605DE19F69AF4008B6864 /* PBXTargetDependency */ = {
			isa = PBXTargetDependency;
			target = 87C605C219F69AF4008B6864 /* yelpster */;
			targetProxy = 87C605DD19F69AF4008B6864 /* PBXContainerItemProxy */;
		};
/* End PBXTargetDependency section */

/* Begin PBXVariantGroup section */
		87C605D019F69AF4008B6864 /* Main.storyboard */ = {
			isa = PBXVariantGroup;
			children = (
				87C605D119F69AF4008B6864 /* Base */,
			);
			name = Main.storyboard;
			sourceTree = "<group>";
		};
		87C605D519F69AF4008B6864 /* LaunchScreen.xib */ = {
			isa = PBXVariantGroup;
			children = (
				87C605D619F69AF4008B6864 /* Base */,
			);
			name = LaunchScreen.xib;
			sourceTree = "<group>";
		};
/* End PBXVariantGroup section */

/* Begin XCBuildConfiguration section */
		87C605E419F69AF4008B6864 /* Debug */ = {
			isa = XCBuildConfiguration;
			buildSettings = {
				ALWAYS_SEARCH_USER_PATHS = NO;
				CLANG_CXX_LANGUAGE_STANDARD = "gnu++0x";
				CLANG_CXX_LIBRARY = "libc++";
				CLANG_ENABLE_MODULES = YES;
				CLANG_ENABLE_OBJC_ARC = YES;
				CLANG_WARN_BOOL_CONVERSION = YES;
				CLANG_WARN_CONSTANT_CONVERSION = YES;
				CLANG_WARN_DIRECT_OBJC_ISA_USAGE = YES_ERROR;
				CLANG_WARN_EMPTY_BODY = YES;
				CLANG_WARN_ENUM_CONVERSION = YES;
				CLANG_WARN_INT_CONVERSION = YES;
				CLANG_WARN_OBJC_ROOT_CLASS = YES_ERROR;
				CLANG_WARN_UNREACHABLE_CODE = YES;
				CLANG_WARN__DUPLICATE_METHOD_MATCH = YES;
				"CODE_SIGN_IDENTITY[sdk=iphoneos*]" = "iPhone Developer";
				COPY_PHASE_STRIP = NO;
				ENABLE_STRICT_OBJC_MSGSEND = YES;
				GCC_C_LANGUAGE_STANDARD = gnu99;
				GCC_DYNAMIC_NO_PIC = NO;
				GCC_OPTIMIZATION_LEVEL = 0;
				GCC_PREPROCESSOR_DEFINITIONS = (
					"DEBUG=1",
					"$(inherited)",
				);
				GCC_SYMBOLS_PRIVATE_EXTERN = NO;
				GCC_WARN_64_TO_32_BIT_CONVERSION = YES;
				GCC_WARN_ABOUT_RETURN_TYPE = YES_ERROR;
				GCC_WARN_UNDECLARED_SELECTOR = YES;
				GCC_WARN_UNINITIALIZED_AUTOS = YES_AGGRESSIVE;
				GCC_WARN_UNUSED_FUNCTION = YES;
				GCC_WARN_UNUSED_VARIABLE = YES;
				IPHONEOS_DEPLOYMENT_TARGET = 8.0;
				MTL_ENABLE_DEBUG_INFO = YES;
				ONLY_ACTIVE_ARCH = YES;
				SDKROOT = iphoneos;
			};
			name = Debug;
		};
		87C605E519F69AF4008B6864 /* Release */ = {
			isa = XCBuildConfiguration;
			buildSettings = {
				ALWAYS_SEARCH_USER_PATHS = NO;
				CLANG_CXX_LANGUAGE_STANDARD = "gnu++0x";
				CLANG_CXX_LIBRARY = "libc++";
				CLANG_ENABLE_MODULES = YES;
				CLANG_ENABLE_OBJC_ARC = YES;
				CLANG_WARN_BOOL_CONVERSION = YES;
				CLANG_WARN_CONSTANT_CONVERSION = YES;
				CLANG_WARN_DIRECT_OBJC_ISA_USAGE = YES_ERROR;
				CLANG_WARN_EMPTY_BODY = YES;
				CLANG_WARN_ENUM_CONVERSION = YES;
				CLANG_WARN_INT_CONVERSION = YES;
				CLANG_WARN_OBJC_ROOT_CLASS = YES_ERROR;
				CLANG_WARN_UNREACHABLE_CODE = YES;
				CLANG_WARN__DUPLICATE_METHOD_MATCH = YES;
				"CODE_SIGN_IDENTITY[sdk=iphoneos*]" = "iPhone Developer";
				COPY_PHASE_STRIP = YES;
				ENABLE_NS_ASSERTIONS = NO;
				ENABLE_STRICT_OBJC_MSGSEND = YES;
				GCC_C_LANGUAGE_STANDARD = gnu99;
				GCC_WARN_64_TO_32_BIT_CONVERSION = YES;
				GCC_WARN_ABOUT_RETURN_TYPE = YES_ERROR;
				GCC_WARN_UNDECLARED_SELECTOR = YES;
				GCC_WARN_UNINITIALIZED_AUTOS = YES_AGGRESSIVE;
				GCC_WARN_UNUSED_FUNCTION = YES;
				GCC_WARN_UNUSED_VARIABLE = YES;
				IPHONEOS_DEPLOYMENT_TARGET = 8.0;
				MTL_ENABLE_DEBUG_INFO = NO;
				SDKROOT = iphoneos;
				VALIDATE_PRODUCT = YES;
			};
			name = Release;
		};
		87C605E719F69AF4008B6864 /* Debug */ = {
			isa = XCBuildConfiguration;
			baseConfigurationReference = 4976F195C08F674EDD8917B7 /* Pods.debug.xcconfig */;
			buildSettings = {
				ASSETCATALOG_COMPILER_APPICON_NAME = AppIcon;
				INFOPLIST_FILE = yelpster/Info.plist;
				LD_RUNPATH_SEARCH_PATHS = "$(inherited) @executable_path/Frameworks";
				PRODUCT_NAME = "$(TARGET_NAME)";
			};
			name = Debug;
		};
		87C605E819F69AF4008B6864 /* Release */ = {
			isa = XCBuildConfiguration;
			baseConfigurationReference = F517E04D8621A08090AD970E /* Pods.release.xcconfig */;
			buildSettings = {
				ASSETCATALOG_COMPILER_APPICON_NAME = AppIcon;
				INFOPLIST_FILE = yelpster/Info.plist;
				LD_RUNPATH_SEARCH_PATHS = "$(inherited) @executable_path/Frameworks";
				PRODUCT_NAME = "$(TARGET_NAME)";
			};
			name = Release;
		};
		87C605EA19F69AF4008B6864 /* Debug */ = {
			isa = XCBuildConfiguration;
			buildSettings = {
				BUNDLE_LOADER = "$(TEST_HOST)";
				FRAMEWORK_SEARCH_PATHS = (
					"$(SDKROOT)/Developer/Library/Frameworks",
					"$(inherited)",
				);
				GCC_PREPROCESSOR_DEFINITIONS = (
					"DEBUG=1",
					"$(inherited)",
				);
				INFOPLIST_FILE = yelpsterTests/Info.plist;
				LD_RUNPATH_SEARCH_PATHS = "$(inherited) @executable_path/Frameworks @loader_path/Frameworks";
				PRODUCT_NAME = "$(TARGET_NAME)";
				TEST_HOST = "$(BUILT_PRODUCTS_DIR)/yelpster.app/yelpster";
			};
			name = Debug;
		};
		87C605EB19F69AF4008B6864 /* Release */ = {
			isa = XCBuildConfiguration;
			buildSettings = {
				BUNDLE_LOADER = "$(TEST_HOST)";
				FRAMEWORK_SEARCH_PATHS = (
					"$(SDKROOT)/Developer/Library/Frameworks",
					"$(inherited)",
				);
				INFOPLIST_FILE = yelpsterTests/Info.plist;
				LD_RUNPATH_SEARCH_PATHS = "$(inherited) @executable_path/Frameworks @loader_path/Frameworks";
				PRODUCT_NAME = "$(TARGET_NAME)";
				TEST_HOST = "$(BUILT_PRODUCTS_DIR)/yelpster.app/yelpster";
			};
			name = Release;
		};
/* End XCBuildConfiguration section */

/* Begin XCConfigurationList section */
		87C605BE19F69AF4008B6864 /* Build configuration list for PBXProject "yelpster" */ = {
			isa = XCConfigurationList;
			buildConfigurations = (
				87C605E419F69AF4008B6864 /* Debug */,
				87C605E519F69AF4008B6864 /* Release */,
			);
			defaultConfigurationIsVisible = 0;
			defaultConfigurationName = Release;
		};
		87C605E619F69AF4008B6864 /* Build configuration list for PBXNativeTarget "yelpster" */ = {
			isa = XCConfigurationList;
			buildConfigurations = (
				87C605E719F69AF4008B6864 /* Debug */,
				87C605E819F69AF4008B6864 /* Release */,
			);
			defaultConfigurationIsVisible = 0;
			defaultConfigurationName = Release;
		};
		87C605E919F69AF4008B6864 /* Build configuration list for PBXNativeTarget "yelpsterTests" */ = {
			isa = XCConfigurationList;
			buildConfigurations = (
				87C605EA19F69AF4008B6864 /* Debug */,
				87C605EB19F69AF4008B6864 /* Release */,
			);
			defaultConfigurationIsVisible = 0;
			defaultConfigurationName = Release;
		};
/* End XCConfigurationList section */
	};
	rootObject = 87C605BB19F69AF4008B6864 /* Project object */;
}
